// !$*UTF8*$!
{
	archiveVersion = 1;
	classes = {
	};
	objectVersion = 46;
	objects = {

/* Begin PBXBuildFile section */
		690AD8001E087B19000221AE /* GameViewPopulator.m in Sources */ = {isa = PBXBuildFile; fileRef = 690AD7FF1E087B19000221AE /* GameViewPopulator.m */; };
		690C6DBB1E04FDF400F93A8C /* SubFactorsView.xib in Resources */ = {isa = PBXBuildFile; fileRef = 690C6DBA1E04FDF400F93A8C /* SubFactorsView.xib */; };
		690C6DBD1E04FE0500F93A8C /* SubFactorsView.m in Sources */ = {isa = PBXBuildFile; fileRef = 690C6DBC1E04FE0500F93A8C /* SubFactorsView.m */; };
		698666531E00CA9B00141882 /* HighScoresVC.m in Sources */ = {isa = PBXBuildFile; fileRef = 698666521E00CA9B00141882 /* HighScoresVC.m */; };
		69A45DCE1DFC858100273FFD /* BPMCell.xib in Resources */ = {isa = PBXBuildFile; fileRef = 69A45DCD1DFC858100273FFD /* BPMCell.xib */; };
		69AC6F511DFB5F800066F6A2 /* main.m in Sources */ = {isa = PBXBuildFile; fileRef = 69AC6F501DFB5F800066F6A2 /* main.m */; };
		69AC6F541DFB5F800066F6A2 /* AppDelegate.m in Sources */ = {isa = PBXBuildFile; fileRef = 69AC6F531DFB5F800066F6A2 /* AppDelegate.m */; };
		69AC6F571DFB5F800066F6A2 /* GameVC.m in Sources */ = {isa = PBXBuildFile; fileRef = 69AC6F561DFB5F800066F6A2 /* GameVC.m */; };
		69AC6F5A1DFB5F800066F6A2 /* Main.storyboard in Resources */ = {isa = PBXBuildFile; fileRef = 69AC6F581DFB5F800066F6A2 /* Main.storyboard */; };
		69AC6F5C1DFB5F800066F6A2 /* Assets.xcassets in Resources */ = {isa = PBXBuildFile; fileRef = 69AC6F5B1DFB5F800066F6A2 /* Assets.xcassets */; };
		69AC6F5F1DFB5F800066F6A2 /* LaunchScreen.storyboard in Resources */ = {isa = PBXBuildFile; fileRef = 69AC6F5D1DFB5F800066F6A2 /* LaunchScreen.storyboard */; };
		69AC6F6A1DFB5F810066F6A2 /* EnumeratorTests.m in Sources */ = {isa = PBXBuildFile; fileRef = 69AC6F691DFB5F810066F6A2 /* EnumeratorTests.m */; };
		69AC6F751DFB5F810066F6A2 /* EnumeratorUITests.m in Sources */ = {isa = PBXBuildFile; fileRef = 69AC6F741DFB5F810066F6A2 /* EnumeratorUITests.m */; };
		69AC6F851DFB69710066F6A2 /* HomeVC.m in Sources */ = {isa = PBXBuildFile; fileRef = 69AC6F841DFB69710066F6A2 /* HomeVC.m */; };
		69AC6F891DFB6C5E0066F6A2 /* SettingsVC.m in Sources */ = {isa = PBXBuildFile; fileRef = 69AC6F881DFB6C5E0066F6A2 /* SettingsVC.m */; };
		69AC6F911DFB86A50066F6A2 /* AppUtilities.m in Sources */ = {isa = PBXBuildFile; fileRef = 69AC6F901DFB86A50066F6A2 /* AppUtilities.m */; };
		69AC6F9A1DFC81300066F6A2 /* BPMCell.m in Sources */ = {isa = PBXBuildFile; fileRef = 69AC6F991DFC81300066F6A2 /* BPMCell.m */; };
		69FE7EB61E065CED00561BAC /* UsernameCell.m in Sources */ = {isa = PBXBuildFile; fileRef = 69FE7EB51E065CED00561BAC /* UsernameCell.m */; };
		69FE7EB81E065CF600561BAC /* UsernameCell.xib in Resources */ = {isa = PBXBuildFile; fileRef = 69FE7EB71E065CF600561BAC /* UsernameCell.xib */; };
/* End PBXBuildFile section */

/* Begin PBXContainerItemProxy section */
		69AC6F661DFB5F810066F6A2 /* PBXContainerItemProxy */ = {
			isa = PBXContainerItemProxy;
			containerPortal = 69AC6F441DFB5F800066F6A2 /* Project object */;
			proxyType = 1;
			remoteGlobalIDString = 69AC6F4B1DFB5F800066F6A2;
			remoteInfo = Enumerator;
		};
		69AC6F711DFB5F810066F6A2 /* PBXContainerItemProxy */ = {
			isa = PBXContainerItemProxy;
			containerPortal = 69AC6F441DFB5F800066F6A2 /* Project object */;
			proxyType = 1;
			remoteGlobalIDString = 69AC6F4B1DFB5F800066F6A2;
			remoteInfo = Enumerator;
		};
/* End PBXContainerItemProxy section */

/* Begin PBXFileReference section */
		690AD7FE1E087B0F000221AE /* GameViewPopulator.h */ = {isa = PBXFileReference; lastKnownFileType = sourcecode.c.h; path = GameViewPopulator.h; sourceTree = "<group>"; };
		690AD7FF1E087B19000221AE /* GameViewPopulator.m */ = {isa = PBXFileReference; fileEncoding = 4; lastKnownFileType = sourcecode.c.objc; path = GameViewPopulator.m; sourceTree = "<group>"; };
		690C6DBA1E04FDF400F93A8C /* SubFactorsView.xib */ = {isa = PBXFileReference; fileEncoding = 4; lastKnownFileType = file.xib; path = SubFactorsView.xib; sourceTree = "<group>"; };
		690C6DBC1E04FE0500F93A8C /* SubFactorsView.m */ = {isa = PBXFileReference; fileEncoding = 4; lastKnownFileType = sourcecode.c.objc; path = SubFactorsView.m; sourceTree = "<group>"; };
		698666521E00CA9B00141882 /* HighScoresVC.m */ = {isa = PBXFileReference; fileEncoding = 4; lastKnownFileType = sourcecode.c.objc; path = HighScoresVC.m; sourceTree = "<group>"; };
		698666541E00CAA900141882 /* HighScoresVC.h */ = {isa = PBXFileReference; lastKnownFileType = sourcecode.c.h; path = HighScoresVC.h; sourceTree = "<group>"; };
		69A45DCD1DFC858100273FFD /* BPMCell.xib */ = {isa = PBXFileReference; fileEncoding = 4; lastKnownFileType = file.xib; path = BPMCell.xib; sourceTree = "<group>"; };
		69AC6F4C1DFB5F800066F6A2 /* Enumerator.app */ = {isa = PBXFileReference; explicitFileType = wrapper.application; includeInIndex = 0; path = Enumerator.app; sourceTree = BUILT_PRODUCTS_DIR; };
		69AC6F501DFB5F800066F6A2 /* main.m */ = {isa = PBXFileReference; lastKnownFileType = sourcecode.c.objc; path = main.m; sourceTree = "<group>"; };
		69AC6F521DFB5F800066F6A2 /* AppDelegate.h */ = {isa = PBXFileReference; lastKnownFileType = sourcecode.c.h; path = AppDelegate.h; sourceTree = "<group>"; };
		69AC6F531DFB5F800066F6A2 /* AppDelegate.m */ = {isa = PBXFileReference; lastKnownFileType = sourcecode.c.objc; path = AppDelegate.m; sourceTree = "<group>"; };
		69AC6F551DFB5F800066F6A2 /* GameVC.h */ = {isa = PBXFileReference; lastKnownFileType = sourcecode.c.h; path = GameVC.h; sourceTree = "<group>"; };
		69AC6F561DFB5F800066F6A2 /* GameVC.m */ = {isa = PBXFileReference; lastKnownFileType = sourcecode.c.objc; path = GameVC.m; sourceTree = "<group>"; };
		69AC6F591DFB5F800066F6A2 /* Base */ = {isa = PBXFileReference; lastKnownFileType = file.storyboard; name = Base; path = Base.lproj/Main.storyboard; sourceTree = "<group>"; };
		69AC6F5B1DFB5F800066F6A2 /* Assets.xcassets */ = {isa = PBXFileReference; lastKnownFileType = folder.assetcatalog; path = Assets.xcassets; sourceTree = "<group>"; };
		69AC6F5E1DFB5F800066F6A2 /* Base */ = {isa = PBXFileReference; lastKnownFileType = file.storyboard; name = Base; path = Base.lproj/LaunchScreen.storyboard; sourceTree = "<group>"; };
		69AC6F601DFB5F800066F6A2 /* Info.plist */ = {isa = PBXFileReference; lastKnownFileType = text.plist.xml; path = Info.plist; sourceTree = "<group>"; };
		69AC6F651DFB5F810066F6A2 /* EnumeratorTests.xctest */ = {isa = PBXFileReference; explicitFileType = wrapper.cfbundle; includeInIndex = 0; path = EnumeratorTests.xctest; sourceTree = BUILT_PRODUCTS_DIR; };
		69AC6F691DFB5F810066F6A2 /* EnumeratorTests.m */ = {isa = PBXFileReference; lastKnownFileType = sourcecode.c.objc; path = EnumeratorTests.m; sourceTree = "<group>"; };
		69AC6F6B1DFB5F810066F6A2 /* Info.plist */ = {isa = PBXFileReference; lastKnownFileType = text.plist.xml; path = Info.plist; sourceTree = "<group>"; };
		69AC6F701DFB5F810066F6A2 /* EnumeratorUITests.xctest */ = {isa = PBXFileReference; explicitFileType = wrapper.cfbundle; includeInIndex = 0; path = EnumeratorUITests.xctest; sourceTree = BUILT_PRODUCTS_DIR; };
		69AC6F741DFB5F810066F6A2 /* EnumeratorUITests.m */ = {isa = PBXFileReference; lastKnownFileType = sourcecode.c.objc; path = EnumeratorUITests.m; sourceTree = "<group>"; };
		69AC6F761DFB5F810066F6A2 /* Info.plist */ = {isa = PBXFileReference; lastKnownFileType = text.plist.xml; path = Info.plist; sourceTree = "<group>"; };
		69AC6F841DFB69710066F6A2 /* HomeVC.m */ = {isa = PBXFileReference; fileEncoding = 4; lastKnownFileType = sourcecode.c.objc; path = HomeVC.m; sourceTree = "<group>"; };
		69AC6F861DFB697C0066F6A2 /* HomeVC.h */ = {isa = PBXFileReference; lastKnownFileType = sourcecode.c.h; path = HomeVC.h; sourceTree = "<group>"; };
		69AC6F871DFB6C550066F6A2 /* SettingsVC.h */ = {isa = PBXFileReference; lastKnownFileType = sourcecode.c.h; path = SettingsVC.h; sourceTree = "<group>"; };
		69AC6F881DFB6C5E0066F6A2 /* SettingsVC.m */ = {isa = PBXFileReference; fileEncoding = 4; lastKnownFileType = sourcecode.c.objc; path = SettingsVC.m; sourceTree = "<group>"; };
		69AC6F901DFB86A50066F6A2 /* AppUtilities.m */ = {isa = PBXFileReference; fileEncoding = 4; lastKnownFileType = sourcecode.c.objc; path = AppUtilities.m; sourceTree = "<group>"; };
		69AC6F921DFB86AE0066F6A2 /* AppUtilities.h */ = {isa = PBXFileReference; lastKnownFileType = sourcecode.c.h; path = AppUtilities.h; sourceTree = "<group>"; };
		69AC6F991DFC81300066F6A2 /* BPMCell.m */ = {isa = PBXFileReference; fileEncoding = 4; lastKnownFileType = sourcecode.c.objc; path = BPMCell.m; sourceTree = "<group>"; };
		69AC6F9B1DFC81370066F6A2 /* BPMCell.h */ = {isa = PBXFileReference; lastKnownFileType = sourcecode.c.h; path = BPMCell.h; sourceTree = "<group>"; };
		69FE7EB41E065CE400561BAC /* UsernameCell.h */ = {isa = PBXFileReference; lastKnownFileType = sourcecode.c.h; path = UsernameCell.h; sourceTree = "<group>"; };
		69FE7EB51E065CED00561BAC /* UsernameCell.m */ = {isa = PBXFileReference; fileEncoding = 4; lastKnownFileType = sourcecode.c.objc; path = UsernameCell.m; sourceTree = "<group>"; };
		69FE7EB71E065CF600561BAC /* UsernameCell.xib */ = {isa = PBXFileReference; fileEncoding = 4; lastKnownFileType = file.xib; path = UsernameCell.xib; sourceTree = "<group>"; };
		69FE7EB91E07006D00561BAC /* SubFactorsView.h */ = {isa = PBXFileReference; lastKnownFileType = sourcecode.c.h; path = SubFactorsView.h; sourceTree = "<group>"; };
/* End PBXFileReference section */

/* Begin PBXFrameworksBuildPhase section */
		69AC6F491DFB5F800066F6A2 /* Frameworks */ = {
			isa = PBXFrameworksBuildPhase;
			buildActionMask = 2147483647;
			files = (
			);
			runOnlyForDeploymentPostprocessing = 0;
		};
		69AC6F621DFB5F810066F6A2 /* Frameworks */ = {
			isa = PBXFrameworksBuildPhase;
			buildActionMask = 2147483647;
			files = (
			);
			runOnlyForDeploymentPostprocessing = 0;
		};
		69AC6F6D1DFB5F810066F6A2 /* Frameworks */ = {
			isa = PBXFrameworksBuildPhase;
			buildActionMask = 2147483647;
			files = (
			);
			runOnlyForDeploymentPostprocessing = 0;
		};
/* End PBXFrameworksBuildPhase section */

/* Begin PBXGroup section */
		6902AB0B1E08ED080048DEC6 /* Game View */ = {
			isa = PBXGroup;
			children = (
				69AC6F551DFB5F800066F6A2 /* GameVC.h */,
				69AC6F561DFB5F800066F6A2 /* GameVC.m */,
				690AD7FE1E087B0F000221AE /* GameViewPopulator.h */,
				690AD7FF1E087B19000221AE /* GameViewPopulator.m */,
			);
			name = "Game View";
			sourceTree = "<group>";
		};
		69AC6F431DFB5F800066F6A2 = {
			isa = PBXGroup;
			children = (
				69AC6F4E1DFB5F800066F6A2 /* Enumerator */,
				69AC6F681DFB5F810066F6A2 /* EnumeratorTests */,
				69AC6F731DFB5F810066F6A2 /* EnumeratorUITests */,
				69AC6F4D1DFB5F800066F6A2 /* Products */,
			);
			sourceTree = "<group>";
		};
		69AC6F4D1DFB5F800066F6A2 /* Products */ = {
			isa = PBXGroup;
			children = (
				69AC6F4C1DFB5F800066F6A2 /* Enumerator.app */,
				69AC6F651DFB5F810066F6A2 /* EnumeratorTests.xctest */,
				69AC6F701DFB5F810066F6A2 /* EnumeratorUITests.xctest */,
			);
			name = Products;
			sourceTree = "<group>";
		};
		69AC6F4E1DFB5F800066F6A2 /* Enumerator */ = {
			isa = PBXGroup;
			children = (
				69AC6F521DFB5F800066F6A2 /* AppDelegate.h */,
				69AC6F531DFB5F800066F6A2 /* AppDelegate.m */,
				69AC6F581DFB5F800066F6A2 /* Main.storyboard */,
				6902AB0B1E08ED080048DEC6 /* Game View */,
				69AC6F861DFB697C0066F6A2 /* HomeVC.h */,
				69AC6F841DFB69710066F6A2 /* HomeVC.m */,
				698666541E00CAA900141882 /* HighScoresVC.h */,
				698666521E00CA9B00141882 /* HighScoresVC.m */,
				69AC6F961DFC7F610066F6A2 /* Settings */,
				69AC6F921DFB86AE0066F6A2 /* AppUtilities.h */,
				69AC6F901DFB86A50066F6A2 /* AppUtilities.m */,
				69AC6F5B1DFB5F800066F6A2 /* Assets.xcassets */,
				69AC6F5D1DFB5F800066F6A2 /* LaunchScreen.storyboard */,
				69AC6F601DFB5F800066F6A2 /* Info.plist */,
				69AC6F4F1DFB5F800066F6A2 /* Supporting Files */,
			);
			path = Enumerator;
			sourceTree = "<group>";
		};
		69AC6F4F1DFB5F800066F6A2 /* Supporting Files */ = {
			isa = PBXGroup;
			children = (
				69AC6F501DFB5F800066F6A2 /* main.m */,
			);
			name = "Supporting Files";
			sourceTree = "<group>";
		};
		69AC6F681DFB5F810066F6A2 /* EnumeratorTests */ = {
			isa = PBXGroup;
			children = (
				69AC6F691DFB5F810066F6A2 /* EnumeratorTests.m */,
				69AC6F6B1DFB5F810066F6A2 /* Info.plist */,
			);
			path = EnumeratorTests;
			sourceTree = "<group>";
		};
		69AC6F731DFB5F810066F6A2 /* EnumeratorUITests */ = {
			isa = PBXGroup;
			children = (
				69AC6F741DFB5F810066F6A2 /* EnumeratorUITests.m */,
				69AC6F761DFB5F810066F6A2 /* Info.plist */,
			);
			path = EnumeratorUITests;
			sourceTree = "<group>";
		};
		69AC6F961DFC7F610066F6A2 /* Settings */ = {
			isa = PBXGroup;
			children = (
				69AC6F871DFB6C550066F6A2 /* SettingsVC.h */,
				69AC6F881DFB6C5E0066F6A2 /* SettingsVC.m */,
				69FE7EB91E07006D00561BAC /* SubFactorsView.h */,
				690C6DBC1E04FE0500F93A8C /* SubFactorsView.m */,
				690C6DBA1E04FDF400F93A8C /* SubFactorsView.xib */,
				69FE7EB41E065CE400561BAC /* UsernameCell.h */,
				69FE7EB51E065CED00561BAC /* UsernameCell.m */,
				69FE7EB71E065CF600561BAC /* UsernameCell.xib */,
				69AC6F9B1DFC81370066F6A2 /* BPMCell.h */,
				69AC6F991DFC81300066F6A2 /* BPMCell.m */,
				69A45DCD1DFC858100273FFD /* BPMCell.xib */,
			);
			name = Settings;
			sourceTree = "<group>";
		};
/* End PBXGroup section */

/* Begin PBXNativeTarget section */
		69AC6F4B1DFB5F800066F6A2 /* Enumerator */ = {
			isa = PBXNativeTarget;
			buildConfigurationList = 69AC6F791DFB5F810066F6A2 /* Build configuration list for PBXNativeTarget "Enumerator" */;
			buildPhases = (
				69AC6F481DFB5F800066F6A2 /* Sources */,
				69AC6F491DFB5F800066F6A2 /* Frameworks */,
				69AC6F4A1DFB5F800066F6A2 /* Resources */,
			);
			buildRules = (
			);
			dependencies = (
			);
			name = Enumerator;
			productName = Enumerator;
			productReference = 69AC6F4C1DFB5F800066F6A2 /* Enumerator.app */;
			productType = "com.apple.product-type.application";
		};
		69AC6F641DFB5F810066F6A2 /* EnumeratorTests */ = {
			isa = PBXNativeTarget;
			buildConfigurationList = 69AC6F7C1DFB5F810066F6A2 /* Build configuration list for PBXNativeTarget "EnumeratorTests" */;
			buildPhases = (
				69AC6F611DFB5F810066F6A2 /* Sources */,
				69AC6F621DFB5F810066F6A2 /* Frameworks */,
				69AC6F631DFB5F810066F6A2 /* Resources */,
			);
			buildRules = (
			);
			dependencies = (
				69AC6F671DFB5F810066F6A2 /* PBXTargetDependency */,
			);
			name = EnumeratorTests;
			productName = EnumeratorTests;
			productReference = 69AC6F651DFB5F810066F6A2 /* EnumeratorTests.xctest */;
			productType = "com.apple.product-type.bundle.unit-test";
		};
		69AC6F6F1DFB5F810066F6A2 /* EnumeratorUITests */ = {
			isa = PBXNativeTarget;
			buildConfigurationList = 69AC6F7F1DFB5F810066F6A2 /* Build configuration list for PBXNativeTarget "EnumeratorUITests" */;
			buildPhases = (
				69AC6F6C1DFB5F810066F6A2 /* Sources */,
				69AC6F6D1DFB5F810066F6A2 /* Frameworks */,
				69AC6F6E1DFB5F810066F6A2 /* Resources */,
			);
			buildRules = (
			);
			dependencies = (
				69AC6F721DFB5F810066F6A2 /* PBXTargetDependency */,
			);
			name = EnumeratorUITests;
			productName = EnumeratorUITests;
			productReference = 69AC6F701DFB5F810066F6A2 /* EnumeratorUITests.xctest */;
			productType = "com.apple.product-type.bundle.ui-testing";
		};
/* End PBXNativeTarget section */

/* Begin PBXProject section */
		69AC6F441DFB5F800066F6A2 /* Project object */ = {
			isa = PBXProject;
			attributes = {
				LastUpgradeCheck = 0820;
				ORGANIZATIONNAME = "Dylan Shackelford";
				TargetAttributes = {
					69AC6F4B1DFB5F800066F6A2 = {
						CreatedOnToolsVersion = 8.1;
						DevelopmentTeam = 5C7WP8NCS7;
						ProvisioningStyle = Automatic;
					};
					69AC6F641DFB5F810066F6A2 = {
						CreatedOnToolsVersion = 8.1;
						ProvisioningStyle = Automatic;
						TestTargetID = 69AC6F4B1DFB5F800066F6A2;
					};
					69AC6F6F1DFB5F810066F6A2 = {
						CreatedOnToolsVersion = 8.1;
						ProvisioningStyle = Automatic;
						TestTargetID = 69AC6F4B1DFB5F800066F6A2;
					};
				};
			};
			buildConfigurationList = 69AC6F471DFB5F800066F6A2 /* Build configuration list for PBXProject "Enumerator" */;
			compatibilityVersion = "Xcode 3.2";
			developmentRegion = English;
			hasScannedForEncodings = 0;
			knownRegions = (
				en,
				Base,
			);
			mainGroup = 69AC6F431DFB5F800066F6A2;
			productRefGroup = 69AC6F4D1DFB5F800066F6A2 /* Products */;
			projectDirPath = "";
			projectRoot = "";
			targets = (
				69AC6F4B1DFB5F800066F6A2 /* Enumerator */,
				69AC6F641DFB5F810066F6A2 /* EnumeratorTests */,
				69AC6F6F1DFB5F810066F6A2 /* EnumeratorUITests */,
			);
		};
/* End PBXProject section */

/* Begin PBXResourcesBuildPhase section */
		69AC6F4A1DFB5F800066F6A2 /* Resources */ = {
			isa = PBXResourcesBuildPhase;
			buildActionMask = 2147483647;
			files = (
				690C6DBB1E04FDF400F93A8C /* SubFactorsView.xib in Resources */,
				69FE7EB81E065CF600561BAC /* UsernameCell.xib in Resources */,
				69AC6F5F1DFB5F800066F6A2 /* LaunchScreen.storyboard in Resources */,
				69A45DCE1DFC858100273FFD /* BPMCell.xib in Resources */,
				69AC6F5C1DFB5F800066F6A2 /* Assets.xcassets in Resources */,
				69AC6F5A1DFB5F800066F6A2 /* Main.storyboard in Resources */,
			);
			runOnlyForDeploymentPostprocessing = 0;
		};
		69AC6F631DFB5F810066F6A2 /* Resources */ = {
			isa = PBXResourcesBuildPhase;
			buildActionMask = 2147483647;
			files = (
			);
			runOnlyForDeploymentPostprocessing = 0;
		};
		69AC6F6E1DFB5F810066F6A2 /* Resources */ = {
			isa = PBXResourcesBuildPhase;
			buildActionMask = 2147483647;
			files = (
			);
			runOnlyForDeploymentPostprocessing = 0;
		};
/* End PBXResourcesBuildPhase section */

/* Begin PBXSourcesBuildPhase section */
		69AC6F481DFB5F800066F6A2 /* Sources */ = {
			isa = PBXSourcesBuildPhase;
			buildActionMask = 2147483647;
			files = (
				69AC6F911DFB86A50066F6A2 /* AppUtilities.m in Sources */,
				69AC6F571DFB5F800066F6A2 /* GameVC.m in Sources */,
				69FE7EB61E065CED00561BAC /* UsernameCell.m in Sources */,
				690AD8001E087B19000221AE /* GameViewPopulator.m in Sources */,
				690C6DBD1E04FE0500F93A8C /* SubFactorsView.m in Sources */,
				69AC6F891DFB6C5E0066F6A2 /* SettingsVC.m in Sources */,
				69AC6F851DFB69710066F6A2 /* HomeVC.m in Sources */,
				698666531E00CA9B00141882 /* HighScoresVC.m in Sources */,
				69AC6F541DFB5F800066F6A2 /* AppDelegate.m in Sources */,
				69AC6F511DFB5F800066F6A2 /* main.m in Sources */,
				69AC6F9A1DFC81300066F6A2 /* BPMCell.m in Sources */,
			);
			runOnlyForDeploymentPostprocessing = 0;
		};
		69AC6F611DFB5F810066F6A2 /* Sources */ = {
			isa = PBXSourcesBuildPhase;
			buildActionMask = 2147483647;
			files = (
				69AC6F6A1DFB5F810066F6A2 /* EnumeratorTests.m in Sources */,
			);
			runOnlyForDeploymentPostprocessing = 0;
		};
		69AC6F6C1DFB5F810066F6A2 /* Sources */ = {
			isa = PBXSourcesBuildPhase;
			buildActionMask = 2147483647;
			files = (
				69AC6F751DFB5F810066F6A2 /* EnumeratorUITests.m in Sources */,
			);
			runOnlyForDeploymentPostprocessing = 0;
		};
/* End PBXSourcesBuildPhase section */

/* Begin PBXTargetDependency section */
		69AC6F671DFB5F810066F6A2 /* PBXTargetDependency */ = {
			isa = PBXTargetDependency;
			target = 69AC6F4B1DFB5F800066F6A2 /* Enumerator */;
			targetProxy = 69AC6F661DFB5F810066F6A2 /* PBXContainerItemProxy */;
		};
		69AC6F721DFB5F810066F6A2 /* PBXTargetDependency */ = {
			isa = PBXTargetDependency;
			target = 69AC6F4B1DFB5F800066F6A2 /* Enumerator */;
			targetProxy = 69AC6F711DFB5F810066F6A2 /* PBXContainerItemProxy */;
		};
/* End PBXTargetDependency section */

/* Begin PBXVariantGroup section */
		69AC6F581DFB5F800066F6A2 /* Main.storyboard */ = {
			isa = PBXVariantGroup;
			children = (
				69AC6F591DFB5F800066F6A2 /* Base */,
			);
			name = Main.storyboard;
			sourceTree = "<group>";
		};
		69AC6F5D1DFB5F800066F6A2 /* LaunchScreen.storyboard */ = {
			isa = PBXVariantGroup;
			children = (
				69AC6F5E1DFB5F800066F6A2 /* Base */,
			);
			name = LaunchScreen.storyboard;
			sourceTree = "<group>";
		};
/* End PBXVariantGroup section */

/* Begin XCBuildConfiguration section */
		69AC6F771DFB5F810066F6A2 /* Debug */ = {
			isa = XCBuildConfiguration;
			buildSettings = {
				ALWAYS_SEARCH_USER_PATHS = NO;
				CLANG_ANALYZER_NONNULL = YES;
				CLANG_CXX_LANGUAGE_STANDARD = "gnu++0x";
				CLANG_CXX_LIBRARY = "libc++";
				CLANG_ENABLE_MODULES = YES;
				CLANG_ENABLE_OBJC_ARC = YES;
				CLANG_WARN_BOOL_CONVERSION = YES;
				CLANG_WARN_CONSTANT_CONVERSION = YES;
				CLANG_WARN_DIRECT_OBJC_ISA_USAGE = YES_ERROR;
				CLANG_WARN_DOCUMENTATION_COMMENTS = YES;
				CLANG_WARN_EMPTY_BODY = YES;
				CLANG_WARN_ENUM_CONVERSION = YES;
				CLANG_WARN_INFINITE_RECURSION = YES;
				CLANG_WARN_INT_CONVERSION = YES;
				CLANG_WARN_OBJC_ROOT_CLASS = YES_ERROR;
				CLANG_WARN_SUSPICIOUS_MOVE = YES;
				CLANG_WARN_SUSPICIOUS_MOVES = YES;
				CLANG_WARN_UNREACHABLE_CODE = YES;
				CLANG_WARN__DUPLICATE_METHOD_MATCH = YES;
				"CODE_SIGN_IDENTITY[sdk=iphoneos*]" = "iPhone Developer";
				COPY_PHASE_STRIP = NO;
				DEBUG_INFORMATION_FORMAT = dwarf;
				ENABLE_STRICT_OBJC_MSGSEND = YES;
				ENABLE_TESTABILITY = YES;
				GCC_C_LANGUAGE_STANDARD = gnu99;
				GCC_DYNAMIC_NO_PIC = NO;
				GCC_NO_COMMON_BLOCKS = YES;
				GCC_OPTIMIZATION_LEVEL = 0;
				GCC_PREPROCESSOR_DEFINITIONS = (
					"DEBUG=1",
					"$(inherited)",
				);
				GCC_WARN_64_TO_32_BIT_CONVERSION = YES;
				GCC_WARN_ABOUT_RETURN_TYPE = YES_ERROR;
				GCC_WARN_UNDECLARED_SELECTOR = YES;
				GCC_WARN_UNINITIALIZED_AUTOS = YES_AGGRESSIVE;
				GCC_WARN_UNUSED_FUNCTION = YES;
				GCC_WARN_UNUSED_VARIABLE = YES;
				IPHONEOS_DEPLOYMENT_TARGET = 10.1;
				MTL_ENABLE_DEBUG_INFO = YES;
				ONLY_ACTIVE_ARCH = YES;
				SDKROOT = iphoneos;
			};
			name = Debug;
		};
		69AC6F781DFB5F810066F6A2 /* Release */ = {
			isa = XCBuildConfiguration;
			buildSettings = {
				ALWAYS_SEARCH_USER_PATHS = NO;
				CLANG_ANALYZER_NONNULL = YES;
				CLANG_CXX_LANGUAGE_STANDARD = "gnu++0x";
				CLANG_CXX_LIBRARY = "libc++";
				CLANG_ENABLE_MODULES = YES;
				CLANG_ENABLE_OBJC_ARC = YES;
				CLANG_WARN_BOOL_CONVERSION = YES;
				CLANG_WARN_CONSTANT_CONVERSION = YES;
				CLANG_WARN_DIRECT_OBJC_ISA_USAGE = YES_ERROR;
				CLANG_WARN_DOCUMENTATION_COMMENTS = YES;
				CLANG_WARN_EMPTY_BODY = YES;
				CLANG_WARN_ENUM_CONVERSION = YES;
				CLANG_WARN_INFINITE_RECURSION = YES;
				CLANG_WARN_INT_CONVERSION = YES;
				CLANG_WARN_OBJC_ROOT_CLASS = YES_ERROR;
				CLANG_WARN_SUSPICIOUS_MOVE = YES;
				CLANG_WARN_SUSPICIOUS_MOVES = YES;
				CLANG_WARN_UNREACHABLE_CODE = YES;
				CLANG_WARN__DUPLICATE_METHOD_MATCH = YES;
				"CODE_SIGN_IDENTITY[sdk=iphoneos*]" = "iPhone Developer";
				COPY_PHASE_STRIP = NO;
				DEBUG_INFORMATION_FORMAT = "dwarf-with-dsym";
				ENABLE_NS_ASSERTIONS = NO;
				ENABLE_STRICT_OBJC_MSGSEND = YES;
				GCC_C_LANGUAGE_STANDARD = gnu99;
				GCC_NO_COMMON_BLOCKS = YES;
				GCC_WARN_64_TO_32_BIT_CONVERSION = YES;
				GCC_WARN_ABOUT_RETURN_TYPE = YES_ERROR;
				GCC_WARN_UNDECLARED_SELECTOR = YES;
				GCC_WARN_UNINITIALIZED_AUTOS = YES_AGGRESSIVE;
				GCC_WARN_UNUSED_FUNCTION = YES;
				GCC_WARN_UNUSED_VARIABLE = YES;
				IPHONEOS_DEPLOYMENT_TARGET = 10.1;
				MTL_ENABLE_DEBUG_INFO = NO;
				SDKROOT = iphoneos;
				VALIDATE_PRODUCT = YES;
			};
			name = Release;
		};
		69AC6F7A1DFB5F810066F6A2 /* Debug */ = {
			isa = XCBuildConfiguration;
			buildSettings = {
				ASSETCATALOG_COMPILER_APPICON_NAME = AppIcon;
				DEVELOPMENT_TEAM = 5C7WP8NCS7;
				INFOPLIST_FILE = Enumerator/Info.plist;
				LD_RUNPATH_SEARCH_PATHS = "$(inherited) @executable_path/Frameworks";
				PRODUCT_BUNDLE_IDENTIFIER = DshackTech.Enumerator;
				PRODUCT_NAME = "$(TARGET_NAME)";
			};
			name = Debug;
		};
		69AC6F7B1DFB5F810066F6A2 /* Release */ = {
			isa = XCBuildConfiguration;
			buildSettings = {
				ASSETCATALOG_COMPILER_APPICON_NAME = AppIcon;
				DEVELOPMENT_TEAM = 5C7WP8NCS7;
				INFOPLIST_FILE = Enumerator/Info.plist;
				LD_RUNPATH_SEARCH_PATHS = "$(inherited) @executable_path/Frameworks";
				PRODUCT_BUNDLE_IDENTIFIER = DshackTech.Enumerator;
				PRODUCT_NAME = "$(TARGET_NAME)";
			};
			name = Release;
		};
		69AC6F7D1DFB5F810066F6A2 /* Debug */ = {
			isa = XCBuildConfiguration;
			buildSettings = {
				BUNDLE_LOADER = "$(TEST_HOST)";
				INFOPLIST_FILE = EnumeratorTests/Info.plist;
				LD_RUNPATH_SEARCH_PATHS = "$(inherited) @executable_path/Frameworks @loader_path/Frameworks";
				PRODUCT_BUNDLE_IDENTIFIER = DshackTech.EnumeratorTests;
				PRODUCT_NAME = "$(TARGET_NAME)";
				TEST_HOST = "$(BUILT_PRODUCTS_DIR)/Enumerator.app/Enumerator";
			};
			name = Debug;
		};
		69AC6F7E1DFB5F810066F6A2 /* Release */ = {
			isa = XCBuildConfiguration;
			buildSettings = {
				BUNDLE_LOADER = "$(TEST_HOST)";
				INFOPLIST_FILE = EnumeratorTests/Info.plist;
				LD_RUNPATH_SEARCH_PATHS = "$(inherited) @executable_path/Frameworks @loader_path/Frameworks";
				PRODUCT_BUNDLE_IDENTIFIER = DshackTech.EnumeratorTests;
				PRODUCT_NAME = "$(TARGET_NAME)";
				TEST_HOST = "$(BUILT_PRODUCTS_DIR)/Enumerator.app/Enumerator";
			};
			name = Release;
		};
		69AC6F801DFB5F810066F6A2 /* Debug */ = {
			isa = XCBuildConfiguration;
			buildSettings = {
				INFOPLIST_FILE = EnumeratorUITests/Info.plist;
				LD_RUNPATH_SEARCH_PATHS = "$(inherited) @executable_path/Frameworks @loader_path/Frameworks";
				PRODUCT_BUNDLE_IDENTIFIER = DshackTech.EnumeratorUITests;
				PRODUCT_NAME = "$(TARGET_NAME)";
				TEST_TARGET_NAME = Enumerator;
			};
			name = Debug;
		};
		69AC6F811DFB5F810066F6A2 /* Release */ = {
			isa = XCBuildConfiguration;
			buildSettings = {
				INFOPLIST_FILE = EnumeratorUITests/Info.plist;
				LD_RUNPATH_SEARCH_PATHS = "$(inherited) @executable_path/Frameworks @loader_path/Frameworks";
				PRODUCT_BUNDLE_IDENTIFIER = DshackTech.EnumeratorUITests;
				PRODUCT_NAME = "$(TARGET_NAME)";
				TEST_TARGET_NAME = Enumerator;
			};
			name = Release;
		};
/* End XCBuildConfiguration section */

/* Begin XCConfigurationList section */
		69AC6F471DFB5F800066F6A2 /* Build configuration list for PBXProject "Enumerator" */ = {
			isa = XCConfigurationList;
			buildConfigurations = (
				69AC6F771DFB5F810066F6A2 /* Debug */,
				69AC6F781DFB5F810066F6A2 /* Release */,
			);
			defaultConfigurationIsVisible = 0;
			defaultConfigurationName = Release;
		};
		69AC6F791DFB5F810066F6A2 /* Build configuration list for PBXNativeTarget "Enumerator" */ = {
			isa = XCConfigurationList;
			buildConfigurations = (
				69AC6F7A1DFB5F810066F6A2 /* Debug */,
				69AC6F7B1DFB5F810066F6A2 /* Release */,
			);
			defaultConfigurationIsVisible = 0;
			defaultConfigurationName = Release;
		};
		69AC6F7C1DFB5F810066F6A2 /* Build configuration list for PBXNativeTarget "EnumeratorTests" */ = {
			isa = XCConfigurationList;
			buildConfigurations = (
				69AC6F7D1DFB5F810066F6A2 /* Debug */,
				69AC6F7E1DFB5F810066F6A2 /* Release */,
			);
			defaultConfigurationIsVisible = 0;
			defaultConfigurationName = Release;
		};
		69AC6F7F1DFB5F810066F6A2 /* Build configuration list for PBXNativeTarget "EnumeratorUITests" */ = {
			isa = XCConfigurationList;
			buildConfigurations = (
				69AC6F801DFB5F810066F6A2 /* Debug */,
				69AC6F811DFB5F810066F6A2 /* Release */,
			);
			defaultConfigurationIsVisible = 0;
			defaultConfigurationName = Release;
		};
/* End XCConfigurationList section */
	};
	rootObject = 69AC6F441DFB5F800066F6A2 /* Project object */;
}
